
Microsoft Visual Studio Solution File, Format Version 12.00
# Visual Studio 15
VisualStudioVersion = 15.0.27130.2024
MinimumVisualStudioVersion = 10.0.40219.1
Project("{FAE04EC0-301F-11D3-BF4B-00C04F79EFBC}") = "IdoMaster_GensouWorld", "IdoMaster_GensouWorld.csproj", "{22164FBA-8C04-42E7-B7B1-508A982334FB}"
EndProject
Project("{2150E333-8FDC-42A3-9474-1A3956D46DE8}") = "IM@S_Kotori_Clerk", "IM@S_Kotori_Clerk", "{C6714C72-EFE8-4CF8-8E71-678111DA0CCA}"
EndProject
Project("{2150E333-8FDC-42A3-9474-1A3956D46DE8}") = "IM@S_Kotori_Tips", "IM@S_Kotori_Tips", "{C366E514-4B74-4C3D-BFA0-C12EE1F6539C}"
EndProject
Project("{D954291E-2A0B-460D-934E-DC6B0785DB48}") = "IMAS.Tips.Logic", "IMAS.Tips.Logic\IMAS.Tips.Logic.shproj", "{F09865FD-964C-4AE6-B405-AA3D37F72CFE}"
EndProject
Project("{FAE04EC0-301F-11D3-BF4B-00C04F79EFBC}") = "IMAS.SQlite3", "IMAS.SQlite3\IMAS.SQlite3.csproj", "{85311A10-858B-4565-864D-FF3C69534352}"
EndProject
Project("{FAE04EC0-301F-11D3-BF4B-00C04F79EFBC}") = "IMAS_Jimusho", "IMAS_Jimusho\IMAS_Jimusho.csproj", "{FC7CADFA-D569-43B5-A749-CEC90233CEEE}"
EndProject
Project("{D954291E-2A0B-460D-934E-DC6B0785DB48}") = "IMAS.Sqlite", "IMAS.Sqlite\IMAS.Sqlite.shproj", "{A3C480E5-D6C7-49B4-A145-F9A9C9EB944A}"
EndProject
Project("{D954291E-2A0B-460D-934E-DC6B0785DB48}") = "IMAS.Utils", "..\IMAS.Utils\IMAS.Utils.shproj", "{9B1544DE-CE4B-428D-A768-2F6AFCE776BE}"
EndProject
Project("{FAE04EC0-301F-11D3-BF4B-00C04F79EFBC}") = "IMAS.ImageLoader", "IMAS.ImageLoader\IMAS.ImageLoader.csproj", "{131AF8A7-6C21-44E2-B7EB-51DF893E9BA7}"
EndProject
Project("{FAE04EC0-301F-11D3-BF4B-00C04F79EFBC}") = "IMAS_IOS_Alert", "IMAS_IOS_Alert\IMAS_IOS_Alert.csproj", "{A9B01731-5ED6-4359-9D6D-76E75147526C}"
EndProject
Global
	GlobalSection(SharedMSBuildProjectFiles) = preSolution
		IMAS.Sqlite\IMAS.Sqlite.projitems*{22164fba-8c04-42e7-b7b1-508a982334fb}*SharedItemsImports = 4
		IMAS.Tips.Logic\IMAS.Tips.Logic.projitems*{22164fba-8c04-42e7-b7b1-508a982334fb}*SharedItemsImports = 4
		..\IMAS.Utils\IMAS.Utils.projitems*{22164fba-8c04-42e7-b7b1-508a982334fb}*SharedItemsImports = 4
		..\IMAS.Utils\IMAS.Utils.projitems*{9b1544de-ce4b-428d-a768-2f6afce776be}*SharedItemsImports = 13
		IMAS.Sqlite\IMAS.Sqlite.projitems*{a3c480e5-d6c7-49b4-a145-f9a9c9eb944a}*SharedItemsImports = 13
		IMAS.Tips.Logic\IMAS.Tips.Logic.projitems*{f09865fd-964c-4ae6-b405-aa3d37f72cfe}*SharedItemsImports = 13
	EndGlobalSection
	GlobalSection(SolutionConfigurationPlatforms) = preSolution
		Debug|Any CPU = Debug|Any CPU
		Release|Any CPU = Release|Any CPU
	EndGlobalSection
	GlobalSection(ProjectConfigurationPlatforms) = postSolution
		{22164FBA-8C04-42E7-B7B1-508A982334FB}.Debug|Any CPU.ActiveCfg = Debug|Any CPU
		{22164FBA-8C04-42E7-B7B1-508A982334FB}.Debug|Any CPU.Build.0 = Debug|Any CPU
		{22164FBA-8C04-42E7-B7B1-508A982334FB}.Debug|Any CPU.Deploy.0 = Debug|Any CPU
		{22164FBA-8C04-42E7-B7B1-508A982334FB}.Release|Any CPU.ActiveCfg = Release|Any CPU
		{22164FBA-8C04-42E7-B7B1-508A982334FB}.Release|Any CPU.Build.0 = Release|Any CPU
		{22164FBA-8C04-42E7-B7B1-508A982334FB}.Release|Any CPU.Deploy.0 = Release|Any CPU
		{85311A10-858B-4565-864D-FF3C69534352}.Debug|Any CPU.ActiveCfg = Debug|Any CPU
		{85311A10-858B-4565-864D-FF3C69534352}.Debug|Any CPU.Build.0 = Debug|Any CPU
		{85311A10-858B-4565-864D-FF3C69534352}.Release|Any CPU.ActiveCfg = Release|Any CPU
		{85311A10-858B-4565-864D-FF3C69534352}.Release|Any CPU.Build.0 = Release|Any CPU
		{FC7CADFA-D569-43B5-A749-CEC90233CEEE}.Debug|Any CPU.ActiveCfg = Debug|Any CPU
		{FC7CADFA-D569-43B5-A749-CEC90233CEEE}.Debug|Any CPU.Build.0 = Debug|Any CPU
		{FC7CADFA-D569-43B5-A749-CEC90233CEEE}.Release|Any CPU.ActiveCfg = Release|Any CPU
		{FC7CADFA-D569-43B5-A749-CEC90233CEEE}.Release|Any CPU.Build.0 = Release|Any CPU
		{131AF8A7-6C21-44E2-B7EB-51DF893E9BA7}.Debug|Any CPU.ActiveCfg = Debug|Any CPU
		{131AF8A7-6C21-44E2-B7EB-51DF893E9BA7}.Debug|Any CPU.Build.0 = Debug|Any CPU
		{131AF8A7-6C21-44E2-B7EB-51DF893E9BA7}.Release|Any CPU.ActiveCfg = Release|Any CPU
		{131AF8A7-6C21-44E2-B7EB-51DF893E9BA7}.Release|Any CPU.Build.0 = Release|Any CPU
		{A9B01731-5ED6-4359-9D6D-76E75147526C}.Debug|Any CPU.ActiveCfg = Debug|Any CPU
		{A9B01731-5ED6-4359-9D6D-76E75147526C}.Debug|Any CPU.Build.0 = Debug|Any CPU
		{A9B01731-5ED6-4359-9D6D-76E75147526C}.Release|Any CPU.ActiveCfg = Release|Any CPU
		{A9B01731-5ED6-4359-9D6D-76E75147526C}.Release|Any CPU.Build.0 = Release|Any CPU
	EndGlobalSection
	GlobalSection(SolutionProperties) = preSolution
		HideSolutionNode = FALSE
	EndGlobalSection
	GlobalSection(NestedProjects) = preSolution
		{F09865FD-964C-4AE6-B405-AA3D37F72CFE} = {C366E514-4B74-4C3D-BFA0-C12EE1F6539C}
		{85311A10-858B-4565-864D-FF3C69534352} = {C6714C72-EFE8-4CF8-8E71-678111DA0CCA}
		{FC7CADFA-D569-43B5-A749-CEC90233CEEE} = {C6714C72-EFE8-4CF8-8E71-678111DA0CCA}
		{A3C480E5-D6C7-49B4-A145-F9A9C9EB944A} = {C6714C72-EFE8-4CF8-8E71-678111DA0CCA}
		{9B1544DE-CE4B-428D-A768-2F6AFCE776BE} = {C6714C72-EFE8-4CF8-8E71-678111DA0CCA}
		{131AF8A7-6C21-44E2-B7EB-51DF893E9BA7} = {C6714C72-EFE8-4CF8-8E71-678111DA0CCA}
		{A9B01731-5ED6-4359-9D6D-76E75147526C} = {C6714C72-EFE8-4CF8-8E71-678111DA0CCA}
	EndGlobalSection
	GlobalSection(ExtensibilityGlobals) = postSolution
		SolutionGuid = {30173585-BE29-4734-A3D4-3D59EDC22B70}
	EndGlobalSection
EndGlobal
